
Microsoft Visual Studio Solution File, Format Version 12.00
# Visual Studio 15
VisualStudioVersion = 15.0.28307.329
MinimumVisualStudioVersion = 10.0.40219.1
Project("{FAE04EC0-301F-11D3-BF4B-00C04F79EFBC}") = "ApplicationTask(70-483 chapter1 task2)", "ApplicationTask(70-483 chapter1 task2)\ApplicationTask(70-483 chapter1 task2).csproj", "{BA1E2F85-9562-4CD9-8AB2-77BF878B3E75}"
EndProject
Global
	GlobalSection(SolutionConfigurationPlatforms) = preSolution
		Debug|Any CPU = Debug|Any CPU
		Release|Any CPU = Release|Any CPU
	EndGlobalSection
	GlobalSection(ProjectConfigurationPlatforms) = postSolution
		{BA1E2F85-9562-4CD9-8AB2-77BF878B3E75}.Debug|Any CPU.ActiveCfg = Debug|Any CPU
		{BA1E2F85-9562-4CD9-8AB2-77BF878B3E75}.Debug|Any CPU.Build.0 = Debug|Any CPU
		{BA1E2F85-9562-4CD9-8AB2-77BF878B3E75}.Release|Any CPU.ActiveCfg = Release|Any CPU
		{BA1E2F85-9562-4CD9-8AB2-77BF878B3E75}.Release|Any CPU.Build.0 = Release|Any CPU
	EndGlobalSection
	GlobalSection(SolutionProperties) = preSolution
		HideSolutionNode = FALSE
	EndGlobalSection
	GlobalSection(ExtensibilityGlobals) = postSolution
		SolutionGuid = {718EADAB-CE27-4E76-B1EB-62783B3F5CE7}
	EndGlobalSection
EndGlobal
